# This file is automatically @generated by Poetry 2.1.3 and should not be changed by hand.

[[package]]
name = "pyhfst"
version = "1.4.0"
description = "A pure Python implementation of HFST for using HFST optimized lookup transducers (with or without weights)"
optional = false
python-versions = "*"
groups = ["main"]
files = [
    {file = "pyhfst-1.4.0-py2.py3-none-any.whl", hash = "sha256:dd3fea517b8b8abf424992f4b301ec21ed9e7ce733f2ee353bbdda2cad9773ab"},
    {file = "pyhfst-1.4.0.tar.gz", hash = "sha256:848ec5a22528166cdaa6f0df1f4e9e38c765c64b3ec2eaca9874aed57fcfda55"},
]

[metadata]
lock-version = "2.1"
python-versions = ">=3.8"
content-hash = "6a5e65aaeae1f28d839d8e61c3504f884e91be275810b892e86e90c3feea8307"
